// !$*UTF8*$!
{
	archiveVersion = 1;
	classes = {
	};
	objectVersion = 46;
	objects = {

/* Begin PBXBuildFile section */
		0700A4FF1C8380B2006B02C4 /* final.swift in Sources */ = {isa = PBXBuildFile; fileRef = 0700A4FE1C8380B2006B02C4 /* final.swift */; };
		0700A5641C850095006B02C4 /* B1.png in Resources */ = {isa = PBXBuildFile; fileRef = 0700A5621C850095006B02C4 /* B1.png */; };
		0700A5651C850095006B02C4 /* B2.png in Resources */ = {isa = PBXBuildFile; fileRef = 0700A5631C850095006B02C4 /* B2.png */; };
		07ADA7951C81F3510082957F /* AppDelegate.swift in Sources */ = {isa = PBXBuildFile; fileRef = 07ADA7941C81F3510082957F /* AppDelegate.swift */; };
		07ADA7971C81F3510082957F /* ViewController.swift in Sources */ = {isa = PBXBuildFile; fileRef = 07ADA7961C81F3510082957F /* ViewController.swift */; };
		07ADA79A1C81F3510082957F /* Main.storyboard in Resources */ = {isa = PBXBuildFile; fileRef = 07ADA7981C81F3510082957F /* Main.storyboard */; };
		07ADA79C1C81F3510082957F /* Assets.xcassets in Resources */ = {isa = PBXBuildFile; fileRef = 07ADA79B1C81F3510082957F /* Assets.xcassets */; };
		07ADA79F1C81F3510082957F /* LaunchScreen.storyboard in Resources */ = {isa = PBXBuildFile; fileRef = 07ADA79D1C81F3510082957F /* LaunchScreen.storyboard */; };
		07ADA7A71C8202A70082957F /* resultados.swift in Sources */ = {isa = PBXBuildFile; fileRef = 07ADA7A61C8202A70082957F /* resultados.swift */; };
		07ADA7A91C8237510082957F /* TipoMasa.swift in Sources */ = {isa = PBXBuildFile; fileRef = 07ADA7A81C8237510082957F /* TipoMasa.swift */; };
		07ADA7AB1C82376F0082957F /* TipoQueso.swift in Sources */ = {isa = PBXBuildFile; fileRef = 07ADA7AA1C82376F0082957F /* TipoQueso.swift */; };
		07ADA7AD1C82378E0082957F /* Ingredientes.swift in Sources */ = {isa = PBXBuildFile; fileRef = 07ADA7AC1C82378E0082957F /* Ingredientes.swift */; };
/* End PBXBuildFile section */

/* Begin PBXFileReference section */
		0700A4FE1C8380B2006B02C4 /* final.swift */ = {isa = PBXFileReference; fileEncoding = 4; lastKnownFileType = sourcecode.swift; path = final.swift; sourceTree = "<group>"; };
		0700A5621C850095006B02C4 /* B1.png */ = {isa = PBXFileReference; lastKnownFileType = image.png; path = B1.png; sourceTree = "<group>"; };
		0700A5631C850095006B02C4 /* B2.png */ = {isa = PBXFileReference; lastKnownFileType = image.png; path = B2.png; sourceTree = "<group>"; };
		07ADA7911C81F3510082957F /* Pizza.app */ = {isa = PBXFileReference; explicitFileType = wrapper.application; includeInIndex = 0; path = Pizza.app; sourceTree = BUILT_PRODUCTS_DIR; };
		07ADA7941C81F3510082957F /* AppDelegate.swift */ = {isa = PBXFileReference; lastKnownFileType = sourcecode.swift; path = AppDelegate.swift; sourceTree = "<group>"; };
		07ADA7961C81F3510082957F /* ViewController.swift */ = {isa = PBXFileReference; lastKnownFileType = sourcecode.swift; path = ViewController.swift; sourceTree = "<group>"; };
		07ADA7991C81F3510082957F /* Base */ = {isa = PBXFileReference; lastKnownFileType = file.storyboard; name = Base; path = Base.lproj/Main.storyboard; sourceTree = "<group>"; };
		07ADA79B1C81F3510082957F /* Assets.xcassets */ = {isa = PBXFileReference; lastKnownFileType = folder.assetcatalog; path = Assets.xcassets; sourceTree = "<group>"; };
		07ADA79E1C81F3510082957F /* Base */ = {isa = PBXFileReference; lastKnownFileType = file.storyboard; name = Base; path = Base.lproj/LaunchScreen.storyboard; sourceTree = "<group>"; };
		07ADA7A01C81F3510082957F /* Info.plist */ = {isa = PBXFileReference; lastKnownFileType = text.plist.xml; path = Info.plist; sourceTree = "<group>"; };
		07ADA7A61C8202A70082957F /* resultados.swift */ = {isa = PBXFileReference; fileEncoding = 4; lastKnownFileType = sourcecode.swift; path = resultados.swift; sourceTree = "<group>"; };
		07ADA7A81C8237510082957F /* TipoMasa.swift */ = {isa = PBXFileReference; fileEncoding = 4; lastKnownFileType = sourcecode.swift; path = TipoMasa.swift; sourceTree = "<group>"; };
		07ADA7AA1C82376F0082957F /* TipoQueso.swift */ = {isa = PBXFileReference; fileEncoding = 4; lastKnownFileType = sourcecode.swift; path = TipoQueso.swift; sourceTree = "<group>"; };
		07ADA7AC1C82378E0082957F /* Ingredientes.swift */ = {isa = PBXFileReference; fileEncoding = 4; lastKnownFileType = sourcecode.swift; path = Ingredientes.swift; sourceTree = "<group>"; };
/* End PBXFileReference section */

/* Begin PBXFrameworksBuildPhase section */
		07ADA78E1C81F3510082957F /* Frameworks */ = {
			isa = PBXFrameworksBuildPhase;
			buildActionMask = 2147483647;
			files = (
			);
			runOnlyForDeploymentPostprocessing = 0;
		};
/* End PBXFrameworksBuildPhase section */

/* Begin PBXGroup section */
		0700A5611C850095006B02C4 /* Imagenes */ = {
			isa = PBXGroup;
			children = (
				0700A5621C850095006B02C4 /* B1.png */,
				0700A5631C850095006B02C4 /* B2.png */,
			);
			path = Imagenes;
			sourceTree = "<group>";
		};
		07ADA7881C81F3510082957F = {
			isa = PBXGroup;
			children = (
				07ADA7931C81F3510082957F /* Pizza */,
				07ADA7921C81F3510082957F /* Products */,
			);
			sourceTree = "<group>";
		};
		07ADA7921C81F3510082957F /* Products */ = {
			isa = PBXGroup;
			children = (
				07ADA7911C81F3510082957F /* Pizza.app */,
			);
			name = Products;
			sourceTree = "<group>";
		};
		07ADA7931C81F3510082957F /* Pizza */ = {
			isa = PBXGroup;
			children = (
				0700A5611C850095006B02C4 /* Imagenes */,
				07ADA7941C81F3510082957F /* AppDelegate.swift */,
				07ADA7961C81F3510082957F /* ViewController.swift */,
				07ADA7A81C8237510082957F /* TipoMasa.swift */,
				07ADA7AA1C82376F0082957F /* TipoQueso.swift */,
				07ADA7AC1C82378E0082957F /* Ingredientes.swift */,
				07ADA7A61C8202A70082957F /* resultados.swift */,
				0700A4FE1C8380B2006B02C4 /* final.swift */,
				07ADA7981C81F3510082957F /* Main.storyboard */,
				07ADA79B1C81F3510082957F /* Assets.xcassets */,
				07ADA79D1C81F3510082957F /* LaunchScreen.storyboard */,
				07ADA7A01C81F3510082957F /* Info.plist */,
			);
			path = Pizza;
			sourceTree = "<group>";
		};
/* End PBXGroup section */

/* Begin PBXNativeTarget section */
		07ADA7901C81F3510082957F /* Pizza */ = {
			isa = PBXNativeTarget;
			buildConfigurationList = 07ADA7A31C81F3510082957F /* Build configuration list for PBXNativeTarget "Pizza" */;
			buildPhases = (
				07ADA78D1C81F3510082957F /* Sources */,
				07ADA78E1C81F3510082957F /* Frameworks */,
				07ADA78F1C81F3510082957F /* Resources */,
			);
			buildRules = (
			);
			dependencies = (
			);
			name = Pizza;
			productName = Pizza;
			productReference = 07ADA7911C81F3510082957F /* Pizza.app */;
			productType = "com.apple.product-type.application";
		};
/* End PBXNativeTarget section */

/* Begin PBXProject section */
		07ADA7891C81F3510082957F /* Project object */ = {
			isa = PBXProject;
			attributes = {
				LastSwiftUpdateCheck = 0720;
				LastUpgradeCheck = 0720;
				ORGANIZATIONNAME = "Carlos Buitrago";
				TargetAttributes = {
					07ADA7901C81F3510082957F = {
						CreatedOnToolsVersion = 7.2.1;
					};
				};
			};
			buildConfigurationList = 07ADA78C1C81F3510082957F /* Build configuration list for PBXProject "Pizza" */;
			compatibilityVersion = "Xcode 3.2";
			developmentRegion = English;
			hasScannedForEncodings = 0;
			knownRegions = (
				en,
				Base,
			);
			mainGroup = 07ADA7881C81F3510082957F;
			productRefGroup = 07ADA7921C81F3510082957F /* Products */;
			projectDirPath = "";
			projectRoot = "";
			targets = (
				07ADA7901C81F3510082957F /* Pizza */,
			);
		};
/* End PBXProject section */

/* Begin PBXResourcesBuildPhase section */
		07ADA78F1C81F3510082957F /* Resources */ = {
			isa = PBXResourcesBuildPhase;
			buildActionMask = 2147483647;
			files = (
				0700A5651C850095006B02C4 /* B2.png in Resources */,
				0700A5641C850095006B02C4 /* B1.png in Resources */,
				07ADA79F1C81F3510082957F /* LaunchScreen.storyboard in Resources */,
				07ADA79C1C81F3510082957F /* Assets.xcassets in Resources */,
				07ADA79A1C81F3510082957F /* Main.storyboard in Resources */,
			);
			runOnlyForDeploymentPostprocessing = 0;
		};
/* End PBXResourcesBuildPhase section */

/* Begin PBXSourcesBuildPhase section */
		07ADA78D1C81F3510082957F /* Sources */ = {
			isa = PBXSourcesBuildPhase;
			buildActionMask = 2147483647;
			files = (
				07ADA7AD1C82378E0082957F /* Ingredientes.swift in Sources */,
				07ADA7971C81F3510082957F /* ViewController.swift in Sources */,
				07ADA7A71C8202A70082957F /* resultados.swift in Sources */,
				07ADA7AB1C82376F0082957F /* TipoQueso.swift in Sources */,
				07ADA7951C81F3510082957F /* AppDelegate.swift in Sources */,
				0700A4FF1C8380B2006B02C4 /* final.swift in Sources */,
				07ADA7A91C8237510082957F /* TipoMasa.swift in Sources */,
			);
			runOnlyForDeploymentPostprocessing = 0;
		};
/* End PBXSourcesBuildPhase section */

/* Begin PBXVariantGroup section */
		07ADA7981C81F3510082957F /* Main.storyboard */ = {
			isa = PBXVariantGroup;
			children = (
				07ADA7991C81F3510082957F /* Base */,
			);
			name = Main.storyboard;
			sourceTree = "<group>";
		};
		07ADA79D1C81F3510082957F /* LaunchScreen.storyboard */ = {
			isa = PBXVariantGroup;
			children = (
				07ADA79E1C81F3510082957F /* Base */,
			);
			name = LaunchScreen.storyboard;
			sourceTree = "<group>";
		};
/* End PBXVariantGroup section */

/* Begin XCBuildConfiguration section */
		07ADA7A11C81F3510082957F /* Debug */ = {
			isa = XCBuildConfiguration;
			buildSettings = {
				ALWAYS_SEARCH_USER_PATHS = NO;
				CLANG_CXX_LANGUAGE_STANDARD = "gnu++0x";
				CLANG_CXX_LIBRARY = "libc++";
				CLANG_ENABLE_MODULES = YES;
				CLANG_ENABLE_OBJC_ARC = YES;
				CLANG_WARN_BOOL_CONVERSION = YES;
				CLANG_WARN_CONSTANT_CONVERSION = YES;
				CLANG_WARN_DIRECT_OBJC_ISA_USAGE = YES_ERROR;
				CLANG_WARN_EMPTY_BODY = YES;
				CLANG_WARN_ENUM_CONVERSION = YES;
				CLANG_WARN_INT_CONVERSION = YES;
				CLANG_WARN_OBJC_ROOT_CLASS = YES_ERROR;
				CLANG_WARN_UNREACHABLE_CODE = YES;
				CLANG_WARN__DUPLICATE_METHOD_MATCH = YES;
				"CODE_SIGN_IDENTITY[sdk=iphoneos*]" = "iPhone Developer";
				COPY_PHASE_STRIP = NO;
				DEBUG_INFORMATION_FORMAT = dwarf;
				ENABLE_STRICT_OBJC_MSGSEND = YES;
				ENABLE_TESTABILITY = YES;
				GCC_C_LANGUAGE_STANDARD = gnu99;
				GCC_DYNAMIC_NO_PIC = NO;
				GCC_NO_COMMON_BLOCKS = YES;
				GCC_OPTIMIZATION_LEVEL = 0;
				GCC_PREPROCESSOR_DEFINITIONS = (
					"DEBUG=1",
					"$(inherited)",
				);
				GCC_WARN_64_TO_32_BIT_CONVERSION = YES;
				GCC_WARN_ABOUT_RETURN_TYPE = YES_ERROR;
				GCC_WARN_UNDECLARED_SELECTOR = YES;
				GCC_WARN_UNINITIALIZED_AUTOS = YES_AGGRESSIVE;
				GCC_WARN_UNUSED_FUNCTION = YES;
				GCC_WARN_UNUSED_VARIABLE = YES;
				IPHONEOS_DEPLOYMENT_TARGET = 9.2;
				MTL_ENABLE_DEBUG_INFO = YES;
				ONLY_ACTIVE_ARCH = YES;
				SDKROOT = iphoneos;
				SWIFT_OPTIMIZATION_LEVEL = "-Onone";
				TARGETED_DEVICE_FAMILY = "1,2";
			};
			name = Debug;
		};
		07ADA7A21C81F3510082957F /* Release */ = {
			isa = XCBuildConfiguration;
			buildSettings = {
				ALWAYS_SEARCH_USER_PATHS = NO;
				CLANG_CXX_LANGUAGE_STANDARD = "gnu++0x";
				CLANG_CXX_LIBRARY = "libc++";
				CLANG_ENABLE_MODULES = YES;
				CLANG_ENABLE_OBJC_ARC = YES;
				CLANG_WARN_BOOL_CONVERSION = YES;
				CLANG_WARN_CONSTANT_CONVERSION = YES;
				CLANG_WARN_DIRECT_OBJC_ISA_USAGE = YES_ERROR;
				CLANG_WARN_EMPTY_BODY = YES;
				CLANG_WARN_ENUM_CONVERSION = YES;
				CLANG_WARN_INT_CONVERSION = YES;
				CLANG_WARN_OBJC_ROOT_CLASS = YES_ERROR;
				CLANG_WARN_UNREACHABLE_CODE = YES;
				CLANG_WARN__DUPLICATE_METHOD_MATCH = YES;
				"CODE_SIGN_IDENTITY[sdk=iphoneos*]" = "iPhone Developer";
				COPY_PHASE_STRIP = NO;
				DEBUG_INFORMATION_FORMAT = "dwarf-with-dsym";
				ENABLE_NS_ASSERTIONS = NO;
				ENABLE_STRICT_OBJC_MSGSEND = YES;
				GCC_C_LANGUAGE_STANDARD = gnu99;
				GCC_NO_COMMON_BLOCKS = YES;
				GCC_WARN_64_TO_32_BIT_CONVERSION = YES;
				GCC_WARN_ABOUT_RETURN_TYPE = YES_ERROR;
				GCC_WARN_UNDECLARED_SELECTOR = YES;
				GCC_WARN_UNINITIALIZED_AUTOS = YES_AGGRESSIVE;
				GCC_WARN_UNUSED_FUNCTION = YES;
				GCC_WARN_UNUSED_VARIABLE = YES;
				IPHONEOS_DEPLOYMENT_TARGET = 9.2;
				MTL_ENABLE_DEBUG_INFO = NO;
				SDKROOT = iphoneos;
				TARGETED_DEVICE_FAMILY = "1,2";
				VALIDATE_PRODUCT = YES;
			};
			name = Release;
		};
		07ADA7A41C81F3510082957F /* Debug */ = {
			isa = XCBuildConfiguration;
			buildSettings = {
				ASSETCATALOG_COMPILER_APPICON_NAME = AppIcon;
				INFOPLIST_FILE = Pizza/Info.plist;
				LD_RUNPATH_SEARCH_PATHS = "$(inherited) @executable_path/Frameworks";
				PRODUCT_BUNDLE_IDENTIFIER = co.cabr93.Pizza;
				PRODUCT_NAME = "$(TARGET_NAME)";
			};
			name = Debug;
		};
		07ADA7A51C81F3510082957F /* Release */ = {
			isa = XCBuildConfiguration;
			buildSettings = {
				ASSETCATALOG_COMPILER_APPICON_NAME = AppIcon;
				INFOPLIST_FILE = Pizza/Info.plist;
				LD_RUNPATH_SEARCH_PATHS = "$(inherited) @executable_path/Frameworks";
				PRODUCT_BUNDLE_IDENTIFIER = co.cabr93.Pizza;
				PRODUCT_NAME = "$(TARGET_NAME)";
			};
			name = Release;
		};
/* End XCBuildConfiguration section */

/* Begin XCConfigurationList section */
		07ADA78C1C81F3510082957F /* Build configuration list for PBXProject "Pizza" */ = {
			isa = XCConfigurationList;
			buildConfigurations = (
				07ADA7A11C81F3510082957F /* Debug */,
				07ADA7A21C81F3510082957F /* Release */,
			);
			defaultConfigurationIsVisible = 0;
			defaultConfigurationName = Release;
		};
		07ADA7A31C81F3510082957F /* Build configuration list for PBXNativeTarget "Pizza" */ = {
			isa = XCConfigurationList;
			buildConfigurations = (
				07ADA7A41C81F3510082957F /* Debug */,
				07ADA7A51C81F3510082957F /* Release */,
			);
			defaultConfigurationIsVisible = 0;
			defaultConfigurationName = Release;
		};
/* End XCConfigurationList section */
	};
	rootObject = 07ADA7891C81F3510082957F /* Project object */;
}
