// !$*UTF8*$!
{
	archiveVersion = 1;
	classes = {
	};
	objectVersion = 46;
	objects = {

/* Begin PBXBuildFile section */
		0700A4FF1C8380B2006B02C4 /* final.swift in Sources */ = {isa = PBXBuildFile; fileRef = 0700A4FE1C8380B2006B02C4 /* final.swift */; };
		0700A5641C850095006B02C4 /* B1.png in Resources */ = {isa = PBXBuildFile; fileRef = 0700A5621C850095006B02C4 /* B1.png */; };
		0700A5651C850095006B02C4 /* B2.png in Resources */ = {isa = PBXBuildFile; fileRef = 0700A5631C850095006B02C4 /* B2.png */; };
		07ADA7951C81F3510082957F /* AppDelegate.swift in Sources */ = {isa = PBXBuildFile; fileRef = 07ADA7941C81F3510082957F /* AppDelegate.swift */; };
		07ADA7971C81F3510082957F /* ViewController.swift in Sources */ = {isa = PBXBuildFile; fileRef = 07ADA7961C81F3510082957F /* ViewController.swift */; };
		07ADA79A1C81F3510082957F /* Main.storyboard in Resources */ = {isa = PBXBuildFile; fileRef = 07ADA7981C81F3510082957F /* Main.storyboard */; };
		07ADA79C1C81F3510082957F /* Assets.xcassets in Resources */ = {isa = PBXBuildFile; fileRef = 07ADA79B1C81F3510082957F /* Assets.xcassets */; };
		07ADA79F1C81F3510082957F /* LaunchScreen.storyboard in Resources */ = {isa = PBXBuildFile; fileRef = 07ADA79D1C81F3510082957F /* LaunchScreen.storyboard */; };
		07ADA7A71C8202A70082957F /* resultados.swift in Sources */ = {isa = PBXBuildFile; fileRef = 07ADA7A61C8202A70082957F /* resultados.swift */; };
		07ADA7A91C8237510082957F /* TipoMasa.swift in Sources */ = {isa = PBXBuildFile; fileRef = 07ADA7A81C8237510082957F /* TipoMasa.swift */; };
		07ADA7AB1C82376F0082957F /* TipoQueso.swift in Sources */ = {isa = PBXBuildFile; fileRef = 07ADA7AA1C82376F0082957F /* TipoQueso.swift */; };
		07ADA7AD1C82378E0082957F /* Ingredientes.swift in Sources */ = {isa = PBXBuildFile; fileRef = 07ADA7AC1C82378E0082957F /* Ingredientes.swift */; };
		07CCEA241C8782D50064FF45 /* Interface.storyboard in Resources */ = {isa = PBXBuildFile; fileRef = 07CCEA221C8782D50064FF45 /* Interface.storyboard */; };
		07CCEA261C8782D50064FF45 /* Assets.xcassets in Resources */ = {isa = PBXBuildFile; fileRef = 07CCEA251C8782D50064FF45 /* Assets.xcassets */; };
		07CCEA2D1C8782D50064FF45 /* pizzaW Extension.appex in Embed App Extensions */ = {isa = PBXBuildFile; fileRef = 07CCEA2C1C8782D50064FF45 /* pizzaW Extension.appex */; settings = {ATTRIBUTES = (RemoveHeadersOnCopy, ); }; };
		07CCEA321C8782D50064FF45 /* InterfaceController.swift in Sources */ = {isa = PBXBuildFile; fileRef = 07CCEA311C8782D50064FF45 /* InterfaceController.swift */; };
		07CCEA341C8782D50064FF45 /* ExtensionDelegate.swift in Sources */ = {isa = PBXBuildFile; fileRef = 07CCEA331C8782D50064FF45 /* ExtensionDelegate.swift */; };
		07CCEA361C8782D50064FF45 /* Assets.xcassets in Resources */ = {isa = PBXBuildFile; fileRef = 07CCEA351C8782D50064FF45 /* Assets.xcassets */; };
		07CCEA3A1C8782D50064FF45 /* pizzaW.app in Embed Watch Content */ = {isa = PBXBuildFile; fileRef = 07CCEA201C8782D50064FF45 /* pizzaW.app */; };
		07CCEA461C8791B30064FF45 /* tipoMasa.swift in Sources */ = {isa = PBXBuildFile; fileRef = 07CCEA451C8791B30064FF45 /* tipoMasa.swift */; };
		07CCEA481C8791D70064FF45 /* tipoQueso.swift in Sources */ = {isa = PBXBuildFile; fileRef = 07CCEA471C8791D70064FF45 /* tipoQueso.swift */; };
		07CCEA4A1C8798300064FF45 /* ingredientes.swift in Sources */ = {isa = PBXBuildFile; fileRef = 07CCEA491C8798300064FF45 /* ingredientes.swift */; };
		07CCEA4C1C8871650064FF45 /* Valor.swift in Sources */ = {isa = PBXBuildFile; fileRef = 07CCEA4B1C8871650064FF45 /* Valor.swift */; };
		07CCEA4E1C88755F0064FF45 /* resultado.swift in Sources */ = {isa = PBXBuildFile; fileRef = 07CCEA4D1C88755F0064FF45 /* resultado.swift */; };
		07CCEADE1C88C79E0064FF45 /* Valor2.swift in Sources */ = {isa = PBXBuildFile; fileRef = 07CCEADD1C88C79E0064FF45 /* Valor2.swift */; };
		07CCEAE01C88CB540064FF45 /* Valor3.swift in Sources */ = {isa = PBXBuildFile; fileRef = 07CCEADF1C88CB540064FF45 /* Valor3.swift */; };
		07CCEAE21C88E23A0064FF45 /* Valor4.swift in Sources */ = {isa = PBXBuildFile; fileRef = 07CCEAE11C88E23A0064FF45 /* Valor4.swift */; };
/* End PBXBuildFile section */

/* Begin PBXContainerItemProxy section */
		07CCEA2E1C8782D50064FF45 /* PBXContainerItemProxy */ = {
			isa = PBXContainerItemProxy;
			containerPortal = 07ADA7891C81F3510082957F /* Project object */;
			proxyType = 1;
			remoteGlobalIDString = 07CCEA2B1C8782D50064FF45;
			remoteInfo = "pizzaW Extension";
		};
		07CCEA381C8782D50064FF45 /* PBXContainerItemProxy */ = {
			isa = PBXContainerItemProxy;
			containerPortal = 07ADA7891C81F3510082957F /* Project object */;
			proxyType = 1;
			remoteGlobalIDString = 07CCEA1F1C8782D50064FF45;
			remoteInfo = pizzaW;
		};
/* End PBXContainerItemProxy section */

/* Begin PBXCopyFilesBuildPhase section */
		07CCEA401C8782D50064FF45 /* Embed App Extensions */ = {
			isa = PBXCopyFilesBuildPhase;
			buildActionMask = 2147483647;
			dstPath = "";
			dstSubfolderSpec = 13;
			files = (
				07CCEA2D1C8782D50064FF45 /* pizzaW Extension.appex in Embed App Extensions */,
			);
			name = "Embed App Extensions";
			runOnlyForDeploymentPostprocessing = 0;
		};
		07CCEA421C8782D50064FF45 /* Embed Watch Content */ = {
			isa = PBXCopyFilesBuildPhase;
			buildActionMask = 2147483647;
			dstPath = "$(CONTENTS_FOLDER_PATH)/Watch";
			dstSubfolderSpec = 16;
			files = (
				07CCEA3A1C8782D50064FF45 /* pizzaW.app in Embed Watch Content */,
			);
			name = "Embed Watch Content";
			runOnlyForDeploymentPostprocessing = 0;
		};
/* End PBXCopyFilesBuildPhase section */

/* Begin PBXFileReference section */
		0700A4FE1C8380B2006B02C4 /* final.swift */ = {isa = PBXFileReference; fileEncoding = 4; lastKnownFileType = sourcecode.swift; path = final.swift; sourceTree = "<group>"; };
		0700A5621C850095006B02C4 /* B1.png */ = {isa = PBXFileReference; lastKnownFileType = image.png; path = B1.png; sourceTree = "<group>"; };
		0700A5631C850095006B02C4 /* B2.png */ = {isa = PBXFileReference; lastKnownFileType = image.png; path = B2.png; sourceTree = "<group>"; };
		07ADA7911C81F3510082957F /* Pizza.app */ = {isa = PBXFileReference; explicitFileType = wrapper.application; includeInIndex = 0; path = Pizza.app; sourceTree = BUILT_PRODUCTS_DIR; };
		07ADA7941C81F3510082957F /* AppDelegate.swift */ = {isa = PBXFileReference; lastKnownFileType = sourcecode.swift; path = AppDelegate.swift; sourceTree = "<group>"; };
		07ADA7961C81F3510082957F /* ViewController.swift */ = {isa = PBXFileReference; lastKnownFileType = sourcecode.swift; path = ViewController.swift; sourceTree = "<group>"; };
		07ADA7991C81F3510082957F /* Base */ = {isa = PBXFileReference; lastKnownFileType = file.storyboard; name = Base; path = Base.lproj/Main.storyboard; sourceTree = "<group>"; };
		07ADA79B1C81F3510082957F /* Assets.xcassets */ = {isa = PBXFileReference; lastKnownFileType = folder.assetcatalog; path = Assets.xcassets; sourceTree = "<group>"; };
		07ADA79E1C81F3510082957F /* Base */ = {isa = PBXFileReference; lastKnownFileType = file.storyboard; name = Base; path = Base.lproj/LaunchScreen.storyboard; sourceTree = "<group>"; };
		07ADA7A01C81F3510082957F /* Info.plist */ = {isa = PBXFileReference; lastKnownFileType = text.plist.xml; path = Info.plist; sourceTree = "<group>"; };
		07ADA7A61C8202A70082957F /* resultados.swift */ = {isa = PBXFileReference; fileEncoding = 4; lastKnownFileType = sourcecode.swift; path = resultados.swift; sourceTree = "<group>"; };
		07ADA7A81C8237510082957F /* TipoMasa.swift */ = {isa = PBXFileReference; fileEncoding = 4; lastKnownFileType = sourcecode.swift; path = TipoMasa.swift; sourceTree = "<group>"; };
		07ADA7AA1C82376F0082957F /* TipoQueso.swift */ = {isa = PBXFileReference; fileEncoding = 4; lastKnownFileType = sourcecode.swift; path = TipoQueso.swift; sourceTree = "<group>"; };
		07ADA7AC1C82378E0082957F /* Ingredientes.swift */ = {isa = PBXFileReference; fileEncoding = 4; lastKnownFileType = sourcecode.swift; path = Ingredientes.swift; sourceTree = "<group>"; };
		07CCEA201C8782D50064FF45 /* pizzaW.app */ = {isa = PBXFileReference; explicitFileType = wrapper.application; includeInIndex = 0; path = pizzaW.app; sourceTree = BUILT_PRODUCTS_DIR; };
		07CCEA231C8782D50064FF45 /* Base */ = {isa = PBXFileReference; lastKnownFileType = file.storyboard; name = Base; path = Base.lproj/Interface.storyboard; sourceTree = "<group>"; };
		07CCEA251C8782D50064FF45 /* Assets.xcassets */ = {isa = PBXFileReference; lastKnownFileType = folder.assetcatalog; path = Assets.xcassets; sourceTree = "<group>"; };
		07CCEA271C8782D50064FF45 /* Info.plist */ = {isa = PBXFileReference; lastKnownFileType = text.plist.xml; path = Info.plist; sourceTree = "<group>"; };
		07CCEA2C1C8782D50064FF45 /* pizzaW Extension.appex */ = {isa = PBXFileReference; explicitFileType = "wrapper.app-extension"; includeInIndex = 0; path = "pizzaW Extension.appex"; sourceTree = BUILT_PRODUCTS_DIR; };
		07CCEA311C8782D50064FF45 /* InterfaceController.swift */ = {isa = PBXFileReference; lastKnownFileType = sourcecode.swift; path = InterfaceController.swift; sourceTree = "<group>"; };
		07CCEA331C8782D50064FF45 /* ExtensionDelegate.swift */ = {isa = PBXFileReference; lastKnownFileType = sourcecode.swift; path = ExtensionDelegate.swift; sourceTree = "<group>"; };
		07CCEA351C8782D50064FF45 /* Assets.xcassets */ = {isa = PBXFileReference; lastKnownFileType = folder.assetcatalog; path = Assets.xcassets; sourceTree = "<group>"; };
		07CCEA371C8782D50064FF45 /* Info.plist */ = {isa = PBXFileReference; lastKnownFileType = text.plist.xml; path = Info.plist; sourceTree = "<group>"; };
		07CCEA451C8791B30064FF45 /* tipoMasa.swift */ = {isa = PBXFileReference; fileEncoding = 4; lastKnownFileType = sourcecode.swift; path = tipoMasa.swift; sourceTree = "<group>"; };
		07CCEA471C8791D70064FF45 /* tipoQueso.swift */ = {isa = PBXFileReference; fileEncoding = 4; lastKnownFileType = sourcecode.swift; path = tipoQueso.swift; sourceTree = "<group>"; };
		07CCEA491C8798300064FF45 /* ingredientes.swift */ = {isa = PBXFileReference; fileEncoding = 4; lastKnownFileType = sourcecode.swift; path = ingredientes.swift; sourceTree = "<group>"; };
		07CCEA4B1C8871650064FF45 /* Valor.swift */ = {isa = PBXFileReference; fileEncoding = 4; lastKnownFileType = sourcecode.swift; path = Valor.swift; sourceTree = "<group>"; };
		07CCEA4D1C88755F0064FF45 /* resultado.swift */ = {isa = PBXFileReference; fileEncoding = 4; lastKnownFileType = sourcecode.swift; path = resultado.swift; sourceTree = "<group>"; };
		07CCEADD1C88C79E0064FF45 /* Valor2.swift */ = {isa = PBXFileReference; fileEncoding = 4; lastKnownFileType = sourcecode.swift; path = Valor2.swift; sourceTree = "<group>"; };
		07CCEADF1C88CB540064FF45 /* Valor3.swift */ = {isa = PBXFileReference; fileEncoding = 4; lastKnownFileType = sourcecode.swift; path = Valor3.swift; sourceTree = "<group>"; };
		07CCEAE11C88E23A0064FF45 /* Valor4.swift */ = {isa = PBXFileReference; fileEncoding = 4; lastKnownFileType = sourcecode.swift; path = Valor4.swift; sourceTree = "<group>"; };
/* End PBXFileReference section */

/* Begin PBXFrameworksBuildPhase section */
		07ADA78E1C81F3510082957F /* Frameworks */ = {
			isa = PBXFrameworksBuildPhase;
			buildActionMask = 2147483647;
			files = (
			);
			runOnlyForDeploymentPostprocessing = 0;
		};
		07CCEA291C8782D50064FF45 /* Frameworks */ = {
			isa = PBXFrameworksBuildPhase;
			buildActionMask = 2147483647;
			files = (
			);
			runOnlyForDeploymentPostprocessing = 0;
		};
/* End PBXFrameworksBuildPhase section */

/* Begin PBXGroup section */
		0700A5611C850095006B02C4 /* Imagenes */ = {
			isa = PBXGroup;
			children = (
				0700A5621C850095006B02C4 /* B1.png */,
				0700A5631C850095006B02C4 /* B2.png */,
			);
			path = Imagenes;
			sourceTree = "<group>";
		};
		07ADA7881C81F3510082957F = {
			isa = PBXGroup;
			children = (
				07ADA7931C81F3510082957F /* Pizza */,
				07CCEA211C8782D50064FF45 /* pizzaW */,
				07CCEA301C8782D50064FF45 /* pizzaW Extension */,
				07ADA7921C81F3510082957F /* Products */,
			);
			sourceTree = "<group>";
		};
		07ADA7921C81F3510082957F /* Products */ = {
			isa = PBXGroup;
			children = (
				07ADA7911C81F3510082957F /* Pizza.app */,
				07CCEA201C8782D50064FF45 /* pizzaW.app */,
				07CCEA2C1C8782D50064FF45 /* pizzaW Extension.appex */,
			);
			name = Products;
			sourceTree = "<group>";
		};
		07ADA7931C81F3510082957F /* Pizza */ = {
			isa = PBXGroup;
			children = (
				0700A5611C850095006B02C4 /* Imagenes */,
				07ADA7941C81F3510082957F /* AppDelegate.swift */,
				07ADA7961C81F3510082957F /* ViewController.swift */,
				07ADA7A81C8237510082957F /* TipoMasa.swift */,
				07ADA7AA1C82376F0082957F /* TipoQueso.swift */,
				07ADA7AC1C82378E0082957F /* Ingredientes.swift */,
				07ADA7A61C8202A70082957F /* resultados.swift */,
				0700A4FE1C8380B2006B02C4 /* final.swift */,
				07ADA7981C81F3510082957F /* Main.storyboard */,
				07ADA79B1C81F3510082957F /* Assets.xcassets */,
				07ADA79D1C81F3510082957F /* LaunchScreen.storyboard */,
				07ADA7A01C81F3510082957F /* Info.plist */,
			);
			path = Pizza;
			sourceTree = "<group>";
		};
		07CCEA211C8782D50064FF45 /* pizzaW */ = {
			isa = PBXGroup;
			children = (
				07CCEA221C8782D50064FF45 /* Interface.storyboard */,
				07CCEA251C8782D50064FF45 /* Assets.xcassets */,
				07CCEA271C8782D50064FF45 /* Info.plist */,
			);
			path = pizzaW;
			sourceTree = "<group>";
		};
		07CCEA301C8782D50064FF45 /* pizzaW Extension */ = {
			isa = PBXGroup;
			children = (
				07CCEA311C8782D50064FF45 /* InterfaceController.swift */,
				07CCEA451C8791B30064FF45 /* tipoMasa.swift */,
				07CCEA471C8791D70064FF45 /* tipoQueso.swift */,
				07CCEA491C8798300064FF45 /* ingredientes.swift */,
				07CCEA4D1C88755F0064FF45 /* resultado.swift */,
				07CCEA331C8782D50064FF45 /* ExtensionDelegate.swift */,
				07CCEA351C8782D50064FF45 /* Assets.xcassets */,
				07CCEA371C8782D50064FF45 /* Info.plist */,
				07CCEA4B1C8871650064FF45 /* Valor.swift */,
				07CCEADD1C88C79E0064FF45 /* Valor2.swift */,
				07CCEADF1C88CB540064FF45 /* Valor3.swift */,
				07CCEAE11C88E23A0064FF45 /* Valor4.swift */,
			);
			path = "pizzaW Extension";
			sourceTree = "<group>";
		};
/* End PBXGroup section */

/* Begin PBXNativeTarget section */
		07ADA7901C81F3510082957F /* Pizza */ = {
			isa = PBXNativeTarget;
			buildConfigurationList = 07ADA7A31C81F3510082957F /* Build configuration list for PBXNativeTarget "Pizza" */;
			buildPhases = (
				07ADA78D1C81F3510082957F /* Sources */,
				07ADA78E1C81F3510082957F /* Frameworks */,
				07ADA78F1C81F3510082957F /* Resources */,
				07CCEA421C8782D50064FF45 /* Embed Watch Content */,
			);
			buildRules = (
			);
			dependencies = (
				07CCEA391C8782D50064FF45 /* PBXTargetDependency */,
			);
			name = Pizza;
			productName = Pizza;
			productReference = 07ADA7911C81F3510082957F /* Pizza.app */;
			productType = "com.apple.product-type.application";
		};
		07CCEA1F1C8782D50064FF45 /* pizzaW */ = {
			isa = PBXNativeTarget;
			buildConfigurationList = 07CCEA411C8782D50064FF45 /* Build configuration list for PBXNativeTarget "pizzaW" */;
			buildPhases = (
				07CCEA1E1C8782D50064FF45 /* Resources */,
				07CCEA401C8782D50064FF45 /* Embed App Extensions */,
			);
			buildRules = (
			);
			dependencies = (
				07CCEA2F1C8782D50064FF45 /* PBXTargetDependency */,
			);
			name = pizzaW;
			productName = pizzaW;
			productReference = 07CCEA201C8782D50064FF45 /* pizzaW.app */;
			productType = "com.apple.product-type.application.watchapp2";
		};
		07CCEA2B1C8782D50064FF45 /* pizzaW Extension */ = {
			isa = PBXNativeTarget;
			buildConfigurationList = 07CCEA3F1C8782D50064FF45 /* Build configuration list for PBXNativeTarget "pizzaW Extension" */;
			buildPhases = (
				07CCEA281C8782D50064FF45 /* Sources */,
				07CCEA291C8782D50064FF45 /* Frameworks */,
				07CCEA2A1C8782D50064FF45 /* Resources */,
			);
			buildRules = (
			);
			dependencies = (
			);
			name = "pizzaW Extension";
			productName = "pizzaW Extension";
			productReference = 07CCEA2C1C8782D50064FF45 /* pizzaW Extension.appex */;
			productType = "com.apple.product-type.watchkit2-extension";
		};
/* End PBXNativeTarget section */

/* Begin PBXProject section */
		07ADA7891C81F3510082957F /* Project object */ = {
			isa = PBXProject;
			attributes = {
				LastSwiftUpdateCheck = 0720;
				LastUpgradeCheck = 0720;
				ORGANIZATIONNAME = "Carlos Buitrago";
				TargetAttributes = {
					07ADA7901C81F3510082957F = {
						CreatedOnToolsVersion = 7.2.1;
					};
					07CCEA1F1C8782D50064FF45 = {
						CreatedOnToolsVersion = 7.2.1;
					};
					07CCEA2B1C8782D50064FF45 = {
						CreatedOnToolsVersion = 7.2.1;
					};
				};
			};
			buildConfigurationList = 07ADA78C1C81F3510082957F /* Build configuration list for PBXProject "Pizza" */;
			compatibilityVersion = "Xcode 3.2";
			developmentRegion = English;
			hasScannedForEncodings = 0;
			knownRegions = (
				en,
				Base,
			);
			mainGroup = 07ADA7881C81F3510082957F;
			productRefGroup = 07ADA7921C81F3510082957F /* Products */;
			projectDirPath = "";
			projectRoot = "";
			targets = (
				07ADA7901C81F3510082957F /* Pizza */,
				07CCEA1F1C8782D50064FF45 /* pizzaW */,
				07CCEA2B1C8782D50064FF45 /* pizzaW Extension */,
			);
		};
/* End PBXProject section */

/* Begin PBXResourcesBuildPhase section */
		07ADA78F1C81F3510082957F /* Resources */ = {
			isa = PBXResourcesBuildPhase;
			buildActionMask = 2147483647;
			files = (
				0700A5651C850095006B02C4 /* B2.png in Resources */,
				0700A5641C850095006B02C4 /* B1.png in Resources */,
				07ADA79F1C81F3510082957F /* LaunchScreen.storyboard in Resources */,
				07ADA79C1C81F3510082957F /* Assets.xcassets in Resources */,
				07ADA79A1C81F3510082957F /* Main.storyboard in Resources */,
			);
			runOnlyForDeploymentPostprocessing = 0;
		};
		07CCEA1E1C8782D50064FF45 /* Resources */ = {
			isa = PBXResourcesBuildPhase;
			buildActionMask = 2147483647;
			files = (
				07CCEA261C8782D50064FF45 /* Assets.xcassets in Resources */,
				07CCEA241C8782D50064FF45 /* Interface.storyboard in Resources */,
			);
			runOnlyForDeploymentPostprocessing = 0;
		};
		07CCEA2A1C8782D50064FF45 /* Resources */ = {
			isa = PBXResourcesBuildPhase;
			buildActionMask = 2147483647;
			files = (
				07CCEA361C8782D50064FF45 /* Assets.xcassets in Resources */,
			);
			runOnlyForDeploymentPostprocessing = 0;
		};
/* End PBXResourcesBuildPhase section */

/* Begin PBXSourcesBuildPhase section */
		07ADA78D1C81F3510082957F /* Sources */ = {
			isa = PBXSourcesBuildPhase;
			buildActionMask = 2147483647;
			files = (
				07ADA7AD1C82378E0082957F /* Ingredientes.swift in Sources */,
				07ADA7971C81F3510082957F /* ViewController.swift in Sources */,
				07ADA7A71C8202A70082957F /* resultados.swift in Sources */,
				07ADA7AB1C82376F0082957F /* TipoQueso.swift in Sources */,
				07ADA7951C81F3510082957F /* AppDelegate.swift in Sources */,
				0700A4FF1C8380B2006B02C4 /* final.swift in Sources */,
				07ADA7A91C8237510082957F /* TipoMasa.swift in Sources */,
			);
			runOnlyForDeploymentPostprocessing = 0;
		};
		07CCEA281C8782D50064FF45 /* Sources */ = {
			isa = PBXSourcesBuildPhase;
			buildActionMask = 2147483647;
			files = (
				07CCEA4C1C8871650064FF45 /* Valor.swift in Sources */,
				07CCEA341C8782D50064FF45 /* ExtensionDelegate.swift in Sources */,
				07CCEA321C8782D50064FF45 /* InterfaceController.swift in Sources */,
				07CCEA4A1C8798300064FF45 /* ingredientes.swift in Sources */,
				07CCEAE01C88CB540064FF45 /* Valor3.swift in Sources */,
				07CCEAE21C88E23A0064FF45 /* Valor4.swift in Sources */,
				07CCEA461C8791B30064FF45 /* tipoMasa.swift in Sources */,
				07CCEADE1C88C79E0064FF45 /* Valor2.swift in Sources */,
				07CCEA4E1C88755F0064FF45 /* resultado.swift in Sources */,
				07CCEA481C8791D70064FF45 /* tipoQueso.swift in Sources */,
			);
			runOnlyForDeploymentPostprocessing = 0;
		};
/* End PBXSourcesBuildPhase section */

/* Begin PBXTargetDependency section */
		07CCEA2F1C8782D50064FF45 /* PBXTargetDependency */ = {
			isa = PBXTargetDependency;
			target = 07CCEA2B1C8782D50064FF45 /* pizzaW Extension */;
			targetProxy = 07CCEA2E1C8782D50064FF45 /* PBXContainerItemProxy */;
		};
		07CCEA391C8782D50064FF45 /* PBXTargetDependency */ = {
			isa = PBXTargetDependency;
			target = 07CCEA1F1C8782D50064FF45 /* pizzaW */;
			targetProxy = 07CCEA381C8782D50064FF45 /* PBXContainerItemProxy */;
		};
/* End PBXTargetDependency section */

/* Begin PBXVariantGroup section */
		07ADA7981C81F3510082957F /* Main.storyboard */ = {
			isa = PBXVariantGroup;
			children = (
				07ADA7991C81F3510082957F /* Base */,
			);
			name = Main.storyboard;
			sourceTree = "<group>";
		};
		07ADA79D1C81F3510082957F /* LaunchScreen.storyboard */ = {
			isa = PBXVariantGroup;
			children = (
				07ADA79E1C81F3510082957F /* Base */,
			);
			name = LaunchScreen.storyboard;
			sourceTree = "<group>";
		};
		07CCEA221C8782D50064FF45 /* Interface.storyboard */ = {
			isa = PBXVariantGroup;
			children = (
				07CCEA231C8782D50064FF45 /* Base */,
			);
			name = Interface.storyboard;
			sourceTree = "<group>";
		};
/* End PBXVariantGroup section */

/* Begin XCBuildConfiguration section */
		07ADA7A11C81F3510082957F /* Debug */ = {
			isa = XCBuildConfiguration;
			buildSettings = {
				ALWAYS_SEARCH_USER_PATHS = NO;
				CLANG_CXX_LANGUAGE_STANDARD = "gnu++0x";
				CLANG_CXX_LIBRARY = "libc++";
				CLANG_ENABLE_MODULES = YES;
				CLANG_ENABLE_OBJC_ARC = YES;
				CLANG_WARN_BOOL_CONVERSION = YES;
				CLANG_WARN_CONSTANT_CONVERSION = YES;
				CLANG_WARN_DIRECT_OBJC_ISA_USAGE = YES_ERROR;
				CLANG_WARN_EMPTY_BODY = YES;
				CLANG_WARN_ENUM_CONVERSION = YES;
				CLANG_WARN_INT_CONVERSION = YES;
				CLANG_WARN_OBJC_ROOT_CLASS = YES_ERROR;
				CLANG_WARN_UNREACHABLE_CODE = YES;
				CLANG_WARN__DUPLICATE_METHOD_MATCH = YES;
				"CODE_SIGN_IDENTITY[sdk=iphoneos*]" = "iPhone Developer";
				COPY_PHASE_STRIP = NO;
				DEBUG_INFORMATION_FORMAT = dwarf;
				ENABLE_STRICT_OBJC_MSGSEND = YES;
				ENABLE_TESTABILITY = YES;
				GCC_C_LANGUAGE_STANDARD = gnu99;
				GCC_DYNAMIC_NO_PIC = NO;
				GCC_NO_COMMON_BLOCKS = YES;
				GCC_OPTIMIZATION_LEVEL = 0;
				GCC_PREPROCESSOR_DEFINITIONS = (
					"DEBUG=1",
					"$(inherited)",
				);
				GCC_WARN_64_TO_32_BIT_CONVERSION = YES;
				GCC_WARN_ABOUT_RETURN_TYPE = YES_ERROR;
				GCC_WARN_UNDECLARED_SELECTOR = YES;
				GCC_WARN_UNINITIALIZED_AUTOS = YES_AGGRESSIVE;
				GCC_WARN_UNUSED_FUNCTION = YES;
				GCC_WARN_UNUSED_VARIABLE = YES;
				IPHONEOS_DEPLOYMENT_TARGET = 9.2;
				MTL_ENABLE_DEBUG_INFO = YES;
				ONLY_ACTIVE_ARCH = YES;
				SDKROOT = iphoneos;
				SWIFT_OPTIMIZATION_LEVEL = "-Onone";
				TARGETED_DEVICE_FAMILY = "1,2";
			};
			name = Debug;
		};
		07ADA7A21C81F3510082957F /* Release */ = {
			isa = XCBuildConfiguration;
			buildSettings = {
				ALWAYS_SEARCH_USER_PATHS = NO;
				CLANG_CXX_LANGUAGE_STANDARD = "gnu++0x";
				CLANG_CXX_LIBRARY = "libc++";
				CLANG_ENABLE_MODULES = YES;
				CLANG_ENABLE_OBJC_ARC = YES;
				CLANG_WARN_BOOL_CONVERSION = YES;
				CLANG_WARN_CONSTANT_CONVERSION = YES;
				CLANG_WARN_DIRECT_OBJC_ISA_USAGE = YES_ERROR;
				CLANG_WARN_EMPTY_BODY = YES;
				CLANG_WARN_ENUM_CONVERSION = YES;
				CLANG_WARN_INT_CONVERSION = YES;
				CLANG_WARN_OBJC_ROOT_CLASS = YES_ERROR;
				CLANG_WARN_UNREACHABLE_CODE = YES;
				CLANG_WARN__DUPLICATE_METHOD_MATCH = YES;
				"CODE_SIGN_IDENTITY[sdk=iphoneos*]" = "iPhone Developer";
				COPY_PHASE_STRIP = NO;
				DEBUG_INFORMATION_FORMAT = "dwarf-with-dsym";
				ENABLE_NS_ASSERTIONS = NO;
				ENABLE_STRICT_OBJC_MSGSEND = YES;
				GCC_C_LANGUAGE_STANDARD = gnu99;
				GCC_NO_COMMON_BLOCKS = YES;
				GCC_WARN_64_TO_32_BIT_CONVERSION = YES;
				GCC_WARN_ABOUT_RETURN_TYPE = YES_ERROR;
				GCC_WARN_UNDECLARED_SELECTOR = YES;
				GCC_WARN_UNINITIALIZED_AUTOS = YES_AGGRESSIVE;
				GCC_WARN_UNUSED_FUNCTION = YES;
				GCC_WARN_UNUSED_VARIABLE = YES;
				IPHONEOS_DEPLOYMENT_TARGET = 9.2;
				MTL_ENABLE_DEBUG_INFO = NO;
				SDKROOT = iphoneos;
				TARGETED_DEVICE_FAMILY = "1,2";
				VALIDATE_PRODUCT = YES;
			};
			name = Release;
		};
		07ADA7A41C81F3510082957F /* Debug */ = {
			isa = XCBuildConfiguration;
			buildSettings = {
				ASSETCATALOG_COMPILER_APPICON_NAME = AppIcon;
				INFOPLIST_FILE = Pizza/Info.plist;
				LD_RUNPATH_SEARCH_PATHS = "$(inherited) @executable_path/Frameworks";
				PRODUCT_BUNDLE_IDENTIFIER = co.cabr93.Pizza;
				PRODUCT_NAME = "$(TARGET_NAME)";
			};
			name = Debug;
		};
		07ADA7A51C81F3510082957F /* Release */ = {
			isa = XCBuildConfiguration;
			buildSettings = {
				ASSETCATALOG_COMPILER_APPICON_NAME = AppIcon;
				INFOPLIST_FILE = Pizza/Info.plist;
				LD_RUNPATH_SEARCH_PATHS = "$(inherited) @executable_path/Frameworks";
				PRODUCT_BUNDLE_IDENTIFIER = co.cabr93.Pizza;
				PRODUCT_NAME = "$(TARGET_NAME)";
			};
			name = Release;
		};
		07CCEA3B1C8782D50064FF45 /* Debug */ = {
			isa = XCBuildConfiguration;
			buildSettings = {
				ASSETCATALOG_COMPILER_APPICON_NAME = AppIcon;
				EMBEDDED_CONTENT_CONTAINS_SWIFT = YES;
				IBSC_MODULE = pizzaW_Extension;
				INFOPLIST_FILE = pizzaW/Info.plist;
				PRODUCT_BUNDLE_IDENTIFIER = co.cabr93.Pizza.watchkitapp;
				PRODUCT_NAME = "$(TARGET_NAME)";
				SDKROOT = watchos;
				SKIP_INSTALL = YES;
				TARGETED_DEVICE_FAMILY = 4;
				WATCHOS_DEPLOYMENT_TARGET = 2.1;
			};
			name = Debug;
		};
		07CCEA3C1C8782D50064FF45 /* Release */ = {
			isa = XCBuildConfiguration;
			buildSettings = {
				ASSETCATALOG_COMPILER_APPICON_NAME = AppIcon;
				EMBEDDED_CONTENT_CONTAINS_SWIFT = YES;
				IBSC_MODULE = pizzaW_Extension;
				INFOPLIST_FILE = pizzaW/Info.plist;
				PRODUCT_BUNDLE_IDENTIFIER = co.cabr93.Pizza.watchkitapp;
				PRODUCT_NAME = "$(TARGET_NAME)";
				SDKROOT = watchos;
				SKIP_INSTALL = YES;
				TARGETED_DEVICE_FAMILY = 4;
				WATCHOS_DEPLOYMENT_TARGET = 2.1;
			};
			name = Release;
		};
		07CCEA3D1C8782D50064FF45 /* Debug */ = {
			isa = XCBuildConfiguration;
			buildSettings = {
				INFOPLIST_FILE = "pizzaW Extension/Info.plist";
				LD_RUNPATH_SEARCH_PATHS = "$(inherited) @executable_path/Frameworks @executable_path/../../Frameworks";
				PRODUCT_BUNDLE_IDENTIFIER = co.cabr93.Pizza.watchkitapp.watchkitextension;
				PRODUCT_NAME = "${TARGET_NAME}";
				SDKROOT = watchos;
				SKIP_INSTALL = YES;
				TARGETED_DEVICE_FAMILY = 4;
				WATCHOS_DEPLOYMENT_TARGET = 2.1;
			};
			name = Debug;
		};
		07CCEA3E1C8782D50064FF45 /* Release */ = {
			isa = XCBuildConfiguration;
			buildSettings = {
				INFOPLIST_FILE = "pizzaW Extension/Info.plist";
				LD_RUNPATH_SEARCH_PATHS = "$(inherited) @executable_path/Frameworks @executable_path/../../Frameworks";
				PRODUCT_BUNDLE_IDENTIFIER = co.cabr93.Pizza.watchkitapp.watchkitextension;
				PRODUCT_NAME = "${TARGET_NAME}";
				SDKROOT = watchos;
				SKIP_INSTALL = YES;
				TARGETED_DEVICE_FAMILY = 4;
				WATCHOS_DEPLOYMENT_TARGET = 2.1;
			};
			name = Release;
		};
/* End XCBuildConfiguration section */

/* Begin XCConfigurationList section */
		07ADA78C1C81F3510082957F /* Build configuration list for PBXProject "Pizza" */ = {
			isa = XCConfigurationList;
			buildConfigurations = (
				07ADA7A11C81F3510082957F /* Debug */,
				07ADA7A21C81F3510082957F /* Release */,
			);
			defaultConfigurationIsVisible = 0;
			defaultConfigurationName = Release;
		};
		07ADA7A31C81F3510082957F /* Build configuration list for PBXNativeTarget "Pizza" */ = {
			isa = XCConfigurationList;
			buildConfigurations = (
				07ADA7A41C81F3510082957F /* Debug */,
				07ADA7A51C81F3510082957F /* Release */,
			);
			defaultConfigurationIsVisible = 0;
			defaultConfigurationName = Release;
		};
		07CCEA3F1C8782D50064FF45 /* Build configuration list for PBXNativeTarget "pizzaW Extension" */ = {
			isa = XCConfigurationList;
			buildConfigurations = (
				07CCEA3D1C8782D50064FF45 /* Debug */,
				07CCEA3E1C8782D50064FF45 /* Release */,
			);
			defaultConfigurationIsVisible = 0;
		};
		07CCEA411C8782D50064FF45 /* Build configuration list for PBXNativeTarget "pizzaW" */ = {
			isa = XCConfigurationList;
			buildConfigurations = (
				07CCEA3B1C8782D50064FF45 /* Debug */,
				07CCEA3C1C8782D50064FF45 /* Release */,
			);
			defaultConfigurationIsVisible = 0;
		};
/* End XCConfigurationList section */
	};
	rootObject = 07ADA7891C81F3510082957F /* Project object */;
}
